// !$*UTF8*$!
{
	archiveVersion = 1;
	classes = {
	};
	objectVersion = 55;
	objects = {

/* Begin PBXBuildFile section */
		271DA12029A975F6008EF0B0 /* AppDelegate.swift in Sources */ = {isa = PBXBuildFile; fileRef = 271DA11F29A975F6008EF0B0 /* AppDelegate.swift */; };
		271DA12229A975F6008EF0B0 /* SceneDelegate.swift in Sources */ = {isa = PBXBuildFile; fileRef = 271DA12129A975F6008EF0B0 /* SceneDelegate.swift */; };
		271DA12729A975F6008EF0B0 /* Main.storyboard in Resources */ = {isa = PBXBuildFile; fileRef = 271DA12529A975F6008EF0B0 /* Main.storyboard */; };
		271DA12A29A975F6008EF0B0 /* AdminShopify.xcdatamodeld in Sources */ = {isa = PBXBuildFile; fileRef = 271DA12829A975F6008EF0B0 /* AdminShopify.xcdatamodeld */; };
		271DA12C29A975F7008EF0B0 /* Assets.xcassets in Resources */ = {isa = PBXBuildFile; fileRef = 271DA12B29A975F7008EF0B0 /* Assets.xcassets */; };
		271DA12F29A975F7008EF0B0 /* LaunchScreen.storyboard in Resources */ = {isa = PBXBuildFile; fileRef = 271DA12D29A975F7008EF0B0 /* LaunchScreen.storyboard */; };
		271DA13A29A975F8008EF0B0 /* AdminShopifyTests.swift in Sources */ = {isa = PBXBuildFile; fileRef = 271DA13929A975F8008EF0B0 /* AdminShopifyTests.swift */; };
		271DA14429A975F8008EF0B0 /* AdminShopifyUITests.swift in Sources */ = {isa = PBXBuildFile; fileRef = 271DA14329A975F8008EF0B0 /* AdminShopifyUITests.swift */; };
		271DA14629A975F8008EF0B0 /* AdminShopifyUITestsLaunchTests.swift in Sources */ = {isa = PBXBuildFile; fileRef = 271DA14529A975F8008EF0B0 /* AdminShopifyUITestsLaunchTests.swift */; };
		271DA15829A97A89008EF0B0 /* ProductsViewController.swift in Sources */ = {isa = PBXBuildFile; fileRef = 271DA15729A97A89008EF0B0 /* ProductsViewController.swift */; };
		271DA15A29A97A98008EF0B0 /* CouponsViewController.swift in Sources */ = {isa = PBXBuildFile; fileRef = 271DA15929A97A98008EF0B0 /* CouponsViewController.swift */; };
		271DA15E29A97ACD008EF0B0 /* ProductCRUDViewController.swift in Sources */ = {isa = PBXBuildFile; fileRef = 271DA15D29A97ACD008EF0B0 /* ProductCRUDViewController.swift */; };
		271DA16029A97ADB008EF0B0 /* CouponCRUDViewController.swift in Sources */ = {isa = PBXBuildFile; fileRef = 271DA15F29A97ADB008EF0B0 /* CouponCRUDViewController.swift */; };
		2736F59329B407B500BB6FBB /* CRUDProtocol.swift in Sources */ = {isa = PBXBuildFile; fileRef = 2736F59229B407B500BB6FBB /* CRUDProtocol.swift */; };
		275791C129AD7FE7003F58B4 /* Products.swift in Sources */ = {isa = PBXBuildFile; fileRef = 275791C029AD7FE7003F58B4 /* Products.swift */; };
		275791C329ADABCA003F58B4 /* Discount.swift in Sources */ = {isa = PBXBuildFile; fileRef = 275791C229ADABCA003F58B4 /* Discount.swift */; };
		275791C529ADDD48003F58B4 /* Customer.swift in Sources */ = {isa = PBXBuildFile; fileRef = 275791C429ADDD48003F58B4 /* Customer.swift */; };
		275791C729ADDD59003F58B4 /* PriceRule.swift in Sources */ = {isa = PBXBuildFile; fileRef = 275791C629ADDD59003F58B4 /* PriceRule.swift */; };
		277EAB4529BAF6FA00F83E55 /* PriceRulesViewController.swift in Sources */ = {isa = PBXBuildFile; fileRef = 277EAB4429BAF6FA00F83E55 /* PriceRulesViewController.swift */; };
		277EAB4729BAF70700F83E55 /* PriceRulesCRUDViewController.swift in Sources */ = {isa = PBXBuildFile; fileRef = 277EAB4629BAF70700F83E55 /* PriceRulesCRUDViewController.swift */; };
		277EAB5029BAFB1A00F83E55 /* PriceRulesCollectionViewCell.swift in Sources */ = {isa = PBXBuildFile; fileRef = 277EAB4E29BAFB1A00F83E55 /* PriceRulesCollectionViewCell.swift */; };
		277EAB5129BAFB1A00F83E55 /* PriceRulesCollectionViewCell.xib in Resources */ = {isa = PBXBuildFile; fileRef = 277EAB4F29BAFB1A00F83E55 /* PriceRulesCollectionViewCell.xib */; };
		277EAB5529BB087500F83E55 /* CouponsTableViewCell.swift in Sources */ = {isa = PBXBuildFile; fileRef = 277EAB5329BB087500F83E55 /* CouponsTableViewCell.swift */; };
		277EAB5629BB087500F83E55 /* CouponsTableViewCell.xib in Resources */ = {isa = PBXBuildFile; fileRef = 277EAB5429BB087500F83E55 /* CouponsTableViewCell.xib */; };
		278C5BD629AAA0E10041D4EB /* CouponsCollectionViewCell.swift in Sources */ = {isa = PBXBuildFile; fileRef = 278C5BD429AAA0E10041D4EB /* CouponsCollectionViewCell.swift */; };
		278C5BD729AAA0E10041D4EB /* CouponsCollectionViewCell.xib in Resources */ = {isa = PBXBuildFile; fileRef = 278C5BD529AAA0E10041D4EB /* CouponsCollectionViewCell.xib */; };
		278C5BDB29AAADC50041D4EB /* ProductsCollectionViewCell.swift in Sources */ = {isa = PBXBuildFile; fileRef = 278C5BD929AAADC50041D4EB /* ProductsCollectionViewCell.swift */; };
		278C5BDC29AAADC50041D4EB /* ProductsCollectionViewCell.xib in Resources */ = {isa = PBXBuildFile; fileRef = 278C5BDA29AAADC50041D4EB /* ProductsCollectionViewCell.xib */; };
		278C5BDF29AABADC0041D4EB /* UIFunctions.swift in Sources */ = {isa = PBXBuildFile; fileRef = 278C5BDE29AABADC0041D4EB /* UIFunctions.swift */; };
		27C3BB9629AC23F400486455 /* NetworkingViewModel.swift in Sources */ = {isa = PBXBuildFile; fileRef = 27C3BB9529AC23F400486455 /* NetworkingViewModel.swift */; };
		27C3BB9829AC24B000486455 /* NetworkServices.swift in Sources */ = {isa = PBXBuildFile; fileRef = 27C3BB9729AC24B000486455 /* NetworkServices.swift */; };
		27C3BB9C29AC377900486455 /* EndPoint.swift in Sources */ = {isa = PBXBuildFile; fileRef = 27C3BB9B29AC377900486455 /* EndPoint.swift */; };
		27C3BBAA29AC891C00486455 /* LoginViewController.swift in Sources */ = {isa = PBXBuildFile; fileRef = 27C3BBA929AC891C00486455 /* LoginViewController.swift */; };
		27C3BBB229AC90A600486455 /* TabBarController.swift in Sources */ = {isa = PBXBuildFile; fileRef = 27C3BBB129AC90A600486455 /* TabBarController.swift */; };
		6E3691B9A5255BEC719A4C21 /* Pods_AdminShopify_AdminShopifyUITests.framework in Frameworks */ = {isa = PBXBuildFile; fileRef = 4FF6B68E5FFC10645B361591 /* Pods_AdminShopify_AdminShopifyUITests.framework */; };
		BEE0D6BB084D3BFB2DAA5143 /* Pods_AdminShopifyTests.framework in Frameworks */ = {isa = PBXBuildFile; fileRef = BB1AE2FC625620F29798FBAE /* Pods_AdminShopifyTests.framework */; };
		D501A5914E94EB35B3E4E558 /* Pods_AdminShopify.framework in Frameworks */ = {isa = PBXBuildFile; fileRef = 201A88B873DE83F23B14140A /* Pods_AdminShopify.framework */; };
/* End PBXBuildFile section */

/* Begin PBXContainerItemProxy section */
		271DA13629A975F8008EF0B0 /* PBXContainerItemProxy */ = {
			isa = PBXContainerItemProxy;
			containerPortal = 271DA11429A975F6008EF0B0 /* Project object */;
			proxyType = 1;
			remoteGlobalIDString = 271DA11B29A975F6008EF0B0;
			remoteInfo = AdminShopify;
		};
		271DA14029A975F8008EF0B0 /* PBXContainerItemProxy */ = {
			isa = PBXContainerItemProxy;
			containerPortal = 271DA11429A975F6008EF0B0 /* Project object */;
			proxyType = 1;
			remoteGlobalIDString = 271DA11B29A975F6008EF0B0;
			remoteInfo = AdminShopify;
		};
/* End PBXContainerItemProxy section */

/* Begin PBXFileReference section */
		0AD911A375A80531A3BF7EE8 /* Pods-AdminShopifyTests.release.xcconfig */ = {isa = PBXFileReference; includeInIndex = 1; lastKnownFileType = text.xcconfig; name = "Pods-AdminShopifyTests.release.xcconfig"; path = "Target Support Files/Pods-AdminShopifyTests/Pods-AdminShopifyTests.release.xcconfig"; sourceTree = "<group>"; };
		201A88B873DE83F23B14140A /* Pods_AdminShopify.framework */ = {isa = PBXFileReference; explicitFileType = wrapper.framework; includeInIndex = 0; path = Pods_AdminShopify.framework; sourceTree = BUILT_PRODUCTS_DIR; };
		239B45ABCC78A396CEA35003 /* Pods-AdminShopifyTests.debug.xcconfig */ = {isa = PBXFileReference; includeInIndex = 1; lastKnownFileType = text.xcconfig; name = "Pods-AdminShopifyTests.debug.xcconfig"; path = "Target Support Files/Pods-AdminShopifyTests/Pods-AdminShopifyTests.debug.xcconfig"; sourceTree = "<group>"; };
		271DA11C29A975F6008EF0B0 /* AdminShopify.app */ = {isa = PBXFileReference; explicitFileType = wrapper.application; includeInIndex = 0; path = AdminShopify.app; sourceTree = BUILT_PRODUCTS_DIR; };
		271DA11F29A975F6008EF0B0 /* AppDelegate.swift */ = {isa = PBXFileReference; lastKnownFileType = sourcecode.swift; path = AppDelegate.swift; sourceTree = "<group>"; };
		271DA12129A975F6008EF0B0 /* SceneDelegate.swift */ = {isa = PBXFileReference; lastKnownFileType = sourcecode.swift; path = SceneDelegate.swift; sourceTree = "<group>"; };
		271DA12629A975F6008EF0B0 /* Base */ = {isa = PBXFileReference; lastKnownFileType = file.storyboard; name = Base; path = Base.lproj/Main.storyboard; sourceTree = "<group>"; };
		271DA12929A975F6008EF0B0 /* AdminShopify.xcdatamodel */ = {isa = PBXFileReference; lastKnownFileType = wrapper.xcdatamodel; path = AdminShopify.xcdatamodel; sourceTree = "<group>"; };
		271DA12B29A975F7008EF0B0 /* Assets.xcassets */ = {isa = PBXFileReference; lastKnownFileType = folder.assetcatalog; path = Assets.xcassets; sourceTree = "<group>"; };
		271DA12E29A975F7008EF0B0 /* Base */ = {isa = PBXFileReference; lastKnownFileType = file.storyboard; name = Base; path = Base.lproj/LaunchScreen.storyboard; sourceTree = "<group>"; };
		271DA13029A975F7008EF0B0 /* Info.plist */ = {isa = PBXFileReference; lastKnownFileType = text.plist.xml; path = Info.plist; sourceTree = "<group>"; };
		271DA13529A975F8008EF0B0 /* AdminShopifyTests.xctest */ = {isa = PBXFileReference; explicitFileType = wrapper.cfbundle; includeInIndex = 0; path = AdminShopifyTests.xctest; sourceTree = BUILT_PRODUCTS_DIR; };
		271DA13929A975F8008EF0B0 /* AdminShopifyTests.swift */ = {isa = PBXFileReference; lastKnownFileType = sourcecode.swift; path = AdminShopifyTests.swift; sourceTree = "<group>"; };
		271DA13F29A975F8008EF0B0 /* AdminShopifyUITests.xctest */ = {isa = PBXFileReference; explicitFileType = wrapper.cfbundle; includeInIndex = 0; path = AdminShopifyUITests.xctest; sourceTree = BUILT_PRODUCTS_DIR; };
		271DA14329A975F8008EF0B0 /* AdminShopifyUITests.swift */ = {isa = PBXFileReference; lastKnownFileType = sourcecode.swift; path = AdminShopifyUITests.swift; sourceTree = "<group>"; };
		271DA14529A975F8008EF0B0 /* AdminShopifyUITestsLaunchTests.swift */ = {isa = PBXFileReference; lastKnownFileType = sourcecode.swift; path = AdminShopifyUITestsLaunchTests.swift; sourceTree = "<group>"; };
		271DA15729A97A89008EF0B0 /* ProductsViewController.swift */ = {isa = PBXFileReference; lastKnownFileType = sourcecode.swift; path = ProductsViewController.swift; sourceTree = "<group>"; };
		271DA15929A97A98008EF0B0 /* CouponsViewController.swift */ = {isa = PBXFileReference; lastKnownFileType = sourcecode.swift; path = CouponsViewController.swift; sourceTree = "<group>"; };
		271DA15D29A97ACD008EF0B0 /* ProductCRUDViewController.swift */ = {isa = PBXFileReference; lastKnownFileType = sourcecode.swift; path = ProductCRUDViewController.swift; sourceTree = "<group>"; };
		271DA15F29A97ADB008EF0B0 /* CouponCRUDViewController.swift */ = {isa = PBXFileReference; lastKnownFileType = sourcecode.swift; path = CouponCRUDViewController.swift; sourceTree = "<group>"; };
		2736F59229B407B500BB6FBB /* CRUDProtocol.swift */ = {isa = PBXFileReference; fileEncoding = 4; lastKnownFileType = sourcecode.swift; path = CRUDProtocol.swift; sourceTree = "<group>"; };
		275791C029AD7FE7003F58B4 /* Products.swift */ = {isa = PBXFileReference; lastKnownFileType = sourcecode.swift; path = Products.swift; sourceTree = "<group>"; };
		275791C229ADABCA003F58B4 /* Discount.swift */ = {isa = PBXFileReference; lastKnownFileType = sourcecode.swift; path = Discount.swift; sourceTree = "<group>"; };
		275791C429ADDD48003F58B4 /* Customer.swift */ = {isa = PBXFileReference; lastKnownFileType = sourcecode.swift; path = Customer.swift; sourceTree = "<group>"; };
		275791C629ADDD59003F58B4 /* PriceRule.swift */ = {isa = PBXFileReference; lastKnownFileType = sourcecode.swift; path = PriceRule.swift; sourceTree = "<group>"; };
		277EAB4429BAF6FA00F83E55 /* PriceRulesViewController.swift */ = {isa = PBXFileReference; lastKnownFileType = sourcecode.swift; path = PriceRulesViewController.swift; sourceTree = "<group>"; };
		277EAB4629BAF70700F83E55 /* PriceRulesCRUDViewController.swift */ = {isa = PBXFileReference; lastKnownFileType = sourcecode.swift; path = PriceRulesCRUDViewController.swift; sourceTree = "<group>"; };
		277EAB4E29BAFB1A00F83E55 /* PriceRulesCollectionViewCell.swift */ = {isa = PBXFileReference; lastKnownFileType = sourcecode.swift; path = PriceRulesCollectionViewCell.swift; sourceTree = "<group>"; };
		277EAB4F29BAFB1A00F83E55 /* PriceRulesCollectionViewCell.xib */ = {isa = PBXFileReference; lastKnownFileType = file.xib; path = PriceRulesCollectionViewCell.xib; sourceTree = "<group>"; };
		277EAB5329BB087500F83E55 /* CouponsTableViewCell.swift */ = {isa = PBXFileReference; lastKnownFileType = sourcecode.swift; path = CouponsTableViewCell.swift; sourceTree = "<group>"; };
		277EAB5429BB087500F83E55 /* CouponsTableViewCell.xib */ = {isa = PBXFileReference; lastKnownFileType = file.xib; path = CouponsTableViewCell.xib; sourceTree = "<group>"; };
		278C5BD429AAA0E10041D4EB /* CouponsCollectionViewCell.swift */ = {isa = PBXFileReference; lastKnownFileType = sourcecode.swift; path = CouponsCollectionViewCell.swift; sourceTree = "<group>"; };
		278C5BD529AAA0E10041D4EB /* CouponsCollectionViewCell.xib */ = {isa = PBXFileReference; lastKnownFileType = file.xib; path = CouponsCollectionViewCell.xib; sourceTree = "<group>"; };
		278C5BD929AAADC50041D4EB /* ProductsCollectionViewCell.swift */ = {isa = PBXFileReference; lastKnownFileType = sourcecode.swift; path = ProductsCollectionViewCell.swift; sourceTree = "<group>"; };
		278C5BDA29AAADC50041D4EB /* ProductsCollectionViewCell.xib */ = {isa = PBXFileReference; lastKnownFileType = file.xib; path = ProductsCollectionViewCell.xib; sourceTree = "<group>"; };
		278C5BDE29AABADC0041D4EB /* UIFunctions.swift */ = {isa = PBXFileReference; lastKnownFileType = sourcecode.swift; path = UIFunctions.swift; sourceTree = "<group>"; };
		27C3BB9529AC23F400486455 /* NetworkingViewModel.swift */ = {isa = PBXFileReference; lastKnownFileType = sourcecode.swift; path = NetworkingViewModel.swift; sourceTree = "<group>"; };
		27C3BB9729AC24B000486455 /* NetworkServices.swift */ = {isa = PBXFileReference; lastKnownFileType = sourcecode.swift; path = NetworkServices.swift; sourceTree = "<group>"; };
		27C3BB9B29AC377900486455 /* EndPoint.swift */ = {isa = PBXFileReference; lastKnownFileType = sourcecode.swift; path = EndPoint.swift; sourceTree = "<group>"; };
		27C3BBA929AC891C00486455 /* LoginViewController.swift */ = {isa = PBXFileReference; lastKnownFileType = sourcecode.swift; path = LoginViewController.swift; sourceTree = "<group>"; };
		27C3BBB129AC90A600486455 /* TabBarController.swift */ = {isa = PBXFileReference; lastKnownFileType = sourcecode.swift; path = TabBarController.swift; sourceTree = "<group>"; };
		4FF6B68E5FFC10645B361591 /* Pods_AdminShopify_AdminShopifyUITests.framework */ = {isa = PBXFileReference; explicitFileType = wrapper.framework; includeInIndex = 0; path = Pods_AdminShopify_AdminShopifyUITests.framework; sourceTree = BUILT_PRODUCTS_DIR; };
		7DA7033883DEDB11AB0AE2E5 /* Pods-AdminShopify-AdminShopifyUITests.release.xcconfig */ = {isa = PBXFileReference; includeInIndex = 1; lastKnownFileType = text.xcconfig; name = "Pods-AdminShopify-AdminShopifyUITests.release.xcconfig"; path = "Target Support Files/Pods-AdminShopify-AdminShopifyUITests/Pods-AdminShopify-AdminShopifyUITests.release.xcconfig"; sourceTree = "<group>"; };
		80778EDA008A6893D848028D /* Pods-AdminShopify-AdminShopifyUITests.debug.xcconfig */ = {isa = PBXFileReference; includeInIndex = 1; lastKnownFileType = text.xcconfig; name = "Pods-AdminShopify-AdminShopifyUITests.debug.xcconfig"; path = "Target Support Files/Pods-AdminShopify-AdminShopifyUITests/Pods-AdminShopify-AdminShopifyUITests.debug.xcconfig"; sourceTree = "<group>"; };
		82E3530531F3D2E99DFECB0D /* Pods-AdminShopify.debug.xcconfig */ = {isa = PBXFileReference; includeInIndex = 1; lastKnownFileType = text.xcconfig; name = "Pods-AdminShopify.debug.xcconfig"; path = "Target Support Files/Pods-AdminShopify/Pods-AdminShopify.debug.xcconfig"; sourceTree = "<group>"; };
		BB1AE2FC625620F29798FBAE /* Pods_AdminShopifyTests.framework */ = {isa = PBXFileReference; explicitFileType = wrapper.framework; includeInIndex = 0; path = Pods_AdminShopifyTests.framework; sourceTree = BUILT_PRODUCTS_DIR; };
		C202D207902C39E3D0A88D90 /* Pods-AdminShopify.release.xcconfig */ = {isa = PBXFileReference; includeInIndex = 1; lastKnownFileType = text.xcconfig; name = "Pods-AdminShopify.release.xcconfig"; path = "Target Support Files/Pods-AdminShopify/Pods-AdminShopify.release.xcconfig"; sourceTree = "<group>"; };
/* End PBXFileReference section */

/* Begin PBXFrameworksBuildPhase section */
		271DA11929A975F6008EF0B0 /* Frameworks */ = {
			isa = PBXFrameworksBuildPhase;
			buildActionMask = 2147483647;
			files = (
				D501A5914E94EB35B3E4E558 /* Pods_AdminShopify.framework in Frameworks */,
			);
			runOnlyForDeploymentPostprocessing = 0;
		};
		271DA13229A975F8008EF0B0 /* Frameworks */ = {
			isa = PBXFrameworksBuildPhase;
			buildActionMask = 2147483647;
			files = (
				BEE0D6BB084D3BFB2DAA5143 /* Pods_AdminShopifyTests.framework in Frameworks */,
			);
			runOnlyForDeploymentPostprocessing = 0;
		};
		271DA13C29A975F8008EF0B0 /* Frameworks */ = {
			isa = PBXFrameworksBuildPhase;
			buildActionMask = 2147483647;
			files = (
				6E3691B9A5255BEC719A4C21 /* Pods_AdminShopify_AdminShopifyUITests.framework in Frameworks */,
			);
			runOnlyForDeploymentPostprocessing = 0;
		};
/* End PBXFrameworksBuildPhase section */

/* Begin PBXGroup section */
		0B8C2014A0776920EC41BE0A /* Frameworks */ = {
			isa = PBXGroup;
			children = (
				201A88B873DE83F23B14140A /* Pods_AdminShopify.framework */,
				4FF6B68E5FFC10645B361591 /* Pods_AdminShopify_AdminShopifyUITests.framework */,
				BB1AE2FC625620F29798FBAE /* Pods_AdminShopifyTests.framework */,
			);
			name = Frameworks;
			sourceTree = "<group>";
		};
		271DA11329A975F6008EF0B0 = {
			isa = PBXGroup;
			children = (
				271DA11E29A975F6008EF0B0 /* AdminShopify */,
				271DA13829A975F8008EF0B0 /* AdminShopifyTests */,
				271DA14229A975F8008EF0B0 /* AdminShopifyUITests */,
				271DA11D29A975F6008EF0B0 /* Products */,
				3DA99DCF2FE7E7F31A0B7F51 /* Pods */,
				0B8C2014A0776920EC41BE0A /* Frameworks */,
			);
			sourceTree = "<group>";
		};
		271DA11D29A975F6008EF0B0 /* Products */ = {
			isa = PBXGroup;
			children = (
				271DA11C29A975F6008EF0B0 /* AdminShopify.app */,
				271DA13529A975F8008EF0B0 /* AdminShopifyTests.xctest */,
				271DA13F29A975F8008EF0B0 /* AdminShopifyUITests.xctest */,
			);
			name = Products;
			sourceTree = "<group>";
		};
		271DA11E29A975F6008EF0B0 /* AdminShopify */ = {
			isa = PBXGroup;
			children = (
				271DA13029A975F7008EF0B0 /* Info.plist */,
				271DA15529A979ED008EF0B0 /* Utilities */,
				271DA15429A979E8008EF0B0 /* Model */,
				271DA15329A979E2008EF0B0 /* View */,
				271DA15229A979D9008EF0B0 /* ViewModel */,
			);
			path = AdminShopify;
			sourceTree = "<group>";
		};
		271DA13829A975F8008EF0B0 /* AdminShopifyTests */ = {
			isa = PBXGroup;
			children = (
				271DA13929A975F8008EF0B0 /* AdminShopifyTests.swift */,
			);
			path = AdminShopifyTests;
			sourceTree = "<group>";
		};
		271DA14229A975F8008EF0B0 /* AdminShopifyUITests */ = {
			isa = PBXGroup;
			children = (
				271DA14329A975F8008EF0B0 /* AdminShopifyUITests.swift */,
				271DA14529A975F8008EF0B0 /* AdminShopifyUITestsLaunchTests.swift */,
			);
			path = AdminShopifyUITests;
			sourceTree = "<group>";
		};
		271DA15229A979D9008EF0B0 /* ViewModel */ = {
			isa = PBXGroup;
			children = (
				27C3BB9529AC23F400486455 /* NetworkingViewModel.swift */,
			);
			path = ViewModel;
			sourceTree = "<group>";
		};
		271DA15329A979E2008EF0B0 /* View */ = {
			isa = PBXGroup;
			children = (
				271DA12529A975F6008EF0B0 /* Main.storyboard */,
				271DA12D29A975F7008EF0B0 /* LaunchScreen.storyboard */,
				274959D529A9842900A4F8A0 /* XIB */,
				271DA15629A97A2C008EF0B0 /* Controllers */,
				278C5BDD29AABAA20041D4EB /* Functions */,
			);
			path = View;
			sourceTree = "<group>";
		};
		271DA15429A979E8008EF0B0 /* Model */ = {
			isa = PBXGroup;
			children = (
				275791C029AD7FE7003F58B4 /* Products.swift */,
				275791C229ADABCA003F58B4 /* Discount.swift */,
				275791C629ADDD59003F58B4 /* PriceRule.swift */,
				275791C429ADDD48003F58B4 /* Customer.swift */,
				27C3BB9A29AC376800486455 /* Networking */,
			);
			path = Model;
			sourceTree = "<group>";
		};
		271DA15529A979ED008EF0B0 /* Utilities */ = {
			isa = PBXGroup;
			children = (
				271DA11F29A975F6008EF0B0 /* AppDelegate.swift */,
				271DA12129A975F6008EF0B0 /* SceneDelegate.swift */,
				271DA12B29A975F7008EF0B0 /* Assets.xcassets */,
				271DA12829A975F6008EF0B0 /* AdminShopify.xcdatamodeld */,
			);
			path = Utilities;
			sourceTree = "<group>";
		};
		271DA15629A97A2C008EF0B0 /* Controllers */ = {
			isa = PBXGroup;
			children = (
				27C3BBA929AC891C00486455 /* LoginViewController.swift */,
				271DA15729A97A89008EF0B0 /* ProductsViewController.swift */,
				271DA15D29A97ACD008EF0B0 /* ProductCRUDViewController.swift */,
				277EAB4429BAF6FA00F83E55 /* PriceRulesViewController.swift */,
				277EAB4629BAF70700F83E55 /* PriceRulesCRUDViewController.swift */,
				271DA15929A97A98008EF0B0 /* CouponsViewController.swift */,
				271DA15F29A97ADB008EF0B0 /* CouponCRUDViewController.swift */,
				27C3BBB129AC90A600486455 /* TabBarController.swift */,
			);
			path = Controllers;
			sourceTree = "<group>";
		};
		274959D529A9842900A4F8A0 /* XIB */ = {
			isa = PBXGroup;
			children = (
				277EAB5229BB083C00F83E55 /* CouponsTableViewCell */,
				277EAB4D29BAFAEB00F83E55 /* PriceRulesCollectionViewCell */,
				278C5BD829AAAD9A0041D4EB /* ProductsCollectionViewCell */,
				278C5BD329AAA0AA0041D4EB /* CouponsCollectionViewCell */,
			);
			path = XIB;
			sourceTree = "<group>";
		};
		277EAB4D29BAFAEB00F83E55 /* PriceRulesCollectionViewCell */ = {
			isa = PBXGroup;
			children = (
				277EAB4E29BAFB1A00F83E55 /* PriceRulesCollectionViewCell.swift */,
				277EAB4F29BAFB1A00F83E55 /* PriceRulesCollectionViewCell.xib */,
			);
			path = PriceRulesCollectionViewCell;
			sourceTree = "<group>";
		};
		277EAB5229BB083C00F83E55 /* CouponsTableViewCell */ = {
			isa = PBXGroup;
			children = (
				277EAB5329BB087500F83E55 /* CouponsTableViewCell.swift */,
				277EAB5429BB087500F83E55 /* CouponsTableViewCell.xib */,
			);
			path = CouponsTableViewCell;
			sourceTree = "<group>";
		};
		278C5BD329AAA0AA0041D4EB /* CouponsCollectionViewCell */ = {
			isa = PBXGroup;
			children = (
				278C5BD429AAA0E10041D4EB /* CouponsCollectionViewCell.swift */,
				278C5BD529AAA0E10041D4EB /* CouponsCollectionViewCell.xib */,
			);
			path = CouponsCollectionViewCell;
			sourceTree = "<group>";
		};
		278C5BD829AAAD9A0041D4EB /* ProductsCollectionViewCell */ = {
			isa = PBXGroup;
			children = (
				278C5BD929AAADC50041D4EB /* ProductsCollectionViewCell.swift */,
				278C5BDA29AAADC50041D4EB /* ProductsCollectionViewCell.xib */,
			);
			path = ProductsCollectionViewCell;
			sourceTree = "<group>";
		};
		278C5BDD29AABAA20041D4EB /* Functions */ = {
			isa = PBXGroup;
			children = (
				278C5BDE29AABADC0041D4EB /* UIFunctions.swift */,
			);
			path = Functions;
			sourceTree = "<group>";
		};
		27C3BB9A29AC376800486455 /* Networking */ = {
			isa = PBXGroup;
			children = (
				27C3BB9729AC24B000486455 /* NetworkServices.swift */,
				2736F59229B407B500BB6FBB /* CRUDProtocol.swift */,
				27C3BB9B29AC377900486455 /* EndPoint.swift */,
			);
			path = Networking;
			sourceTree = "<group>";
		};
		3DA99DCF2FE7E7F31A0B7F51 /* Pods */ = {
			isa = PBXGroup;
			children = (
				82E3530531F3D2E99DFECB0D /* Pods-AdminShopify.debug.xcconfig */,
				C202D207902C39E3D0A88D90 /* Pods-AdminShopify.release.xcconfig */,
				80778EDA008A6893D848028D /* Pods-AdminShopify-AdminShopifyUITests.debug.xcconfig */,
				7DA7033883DEDB11AB0AE2E5 /* Pods-AdminShopify-AdminShopifyUITests.release.xcconfig */,
				239B45ABCC78A396CEA35003 /* Pods-AdminShopifyTests.debug.xcconfig */,
				0AD911A375A80531A3BF7EE8 /* Pods-AdminShopifyTests.release.xcconfig */,
			);
			path = Pods;
			sourceTree = "<group>";
		};
/* End PBXGroup section */

/* Begin PBXNativeTarget section */
		271DA11B29A975F6008EF0B0 /* AdminShopify */ = {
			isa = PBXNativeTarget;
			buildConfigurationList = 271DA14929A975F8008EF0B0 /* Build configuration list for PBXNativeTarget "AdminShopify" */;
			buildPhases = (
				68A9FA242C1625B3BE42799B /* [CP] Check Pods Manifest.lock */,
				271DA11829A975F6008EF0B0 /* Sources */,
				271DA11929A975F6008EF0B0 /* Frameworks */,
				271DA11A29A975F6008EF0B0 /* Resources */,
				BD54995EBAB26D4F16456E43 /* [CP] Embed Pods Frameworks */,
			);
			buildRules = (
			);
			dependencies = (
			);
			name = AdminShopify;
			productName = AdminShopify;
			productReference = 271DA11C29A975F6008EF0B0 /* AdminShopify.app */;
			productType = "com.apple.product-type.application";
		};
		271DA13429A975F8008EF0B0 /* AdminShopifyTests */ = {
			isa = PBXNativeTarget;
			buildConfigurationList = 271DA14C29A975F8008EF0B0 /* Build configuration list for PBXNativeTarget "AdminShopifyTests" */;
			buildPhases = (
				657155823CEA5ACE7962F278 /* [CP] Check Pods Manifest.lock */,
				271DA13129A975F8008EF0B0 /* Sources */,
				271DA13229A975F8008EF0B0 /* Frameworks */,
				271DA13329A975F8008EF0B0 /* Resources */,
			);
			buildRules = (
			);
			dependencies = (
				271DA13729A975F8008EF0B0 /* PBXTargetDependency */,
			);
			name = AdminShopifyTests;
			productName = AdminShopifyTests;
			productReference = 271DA13529A975F8008EF0B0 /* AdminShopifyTests.xctest */;
			productType = "com.apple.product-type.bundle.unit-test";
		};
		271DA13E29A975F8008EF0B0 /* AdminShopifyUITests */ = {
			isa = PBXNativeTarget;
			buildConfigurationList = 271DA14F29A975F8008EF0B0 /* Build configuration list for PBXNativeTarget "AdminShopifyUITests" */;
			buildPhases = (
				387400661F3C34E31EED0392 /* [CP] Check Pods Manifest.lock */,
				271DA13B29A975F8008EF0B0 /* Sources */,
				271DA13C29A975F8008EF0B0 /* Frameworks */,
				271DA13D29A975F8008EF0B0 /* Resources */,
				5F53D516899D3C7E08A58C97 /* [CP] Embed Pods Frameworks */,
			);
			buildRules = (
			);
			dependencies = (
				271DA14129A975F8008EF0B0 /* PBXTargetDependency */,
			);
			name = AdminShopifyUITests;
			productName = AdminShopifyUITests;
			productReference = 271DA13F29A975F8008EF0B0 /* AdminShopifyUITests.xctest */;
			productType = "com.apple.product-type.bundle.ui-testing";
		};
/* End PBXNativeTarget section */

/* Begin PBXProject section */
		271DA11429A975F6008EF0B0 /* Project object */ = {
			isa = PBXProject;
			attributes = {
				BuildIndependentTargetsInParallel = 1;
				LastSwiftUpdateCheck = 1420;
				LastUpgradeCheck = 1420;
				TargetAttributes = {
					271DA11B29A975F6008EF0B0 = {
						CreatedOnToolsVersion = 14.2;
					};
					271DA13429A975F8008EF0B0 = {
						CreatedOnToolsVersion = 14.2;
						TestTargetID = 271DA11B29A975F6008EF0B0;
					};
					271DA13E29A975F8008EF0B0 = {
						CreatedOnToolsVersion = 14.2;
						TestTargetID = 271DA11B29A975F6008EF0B0;
					};
				};
			};
			buildConfigurationList = 271DA11729A975F6008EF0B0 /* Build configuration list for PBXProject "AdminShopify" */;
			compatibilityVersion = "Xcode 13.0";
			developmentRegion = en;
			hasScannedForEncodings = 0;
			knownRegions = (
				en,
				Base,
			);
			mainGroup = 271DA11329A975F6008EF0B0;
			productRefGroup = 271DA11D29A975F6008EF0B0 /* Products */;
			projectDirPath = "";
			projectRoot = "";
			targets = (
				271DA11B29A975F6008EF0B0 /* AdminShopify */,
				271DA13429A975F8008EF0B0 /* AdminShopifyTests */,
				271DA13E29A975F8008EF0B0 /* AdminShopifyUITests */,
			);
		};
/* End PBXProject section */

/* Begin PBXResourcesBuildPhase section */
		271DA11A29A975F6008EF0B0 /* Resources */ = {
			isa = PBXResourcesBuildPhase;
			buildActionMask = 2147483647;
			files = (
				277EAB5129BAFB1A00F83E55 /* PriceRulesCollectionViewCell.xib in Resources */,
				277EAB5629BB087500F83E55 /* CouponsTableViewCell.xib in Resources */,
				278C5BDC29AAADC50041D4EB /* ProductsCollectionViewCell.xib in Resources */,
				271DA12F29A975F7008EF0B0 /* LaunchScreen.storyboard in Resources */,
				278C5BD729AAA0E10041D4EB /* CouponsCollectionViewCell.xib in Resources */,
				271DA12C29A975F7008EF0B0 /* Assets.xcassets in Resources */,
				271DA12729A975F6008EF0B0 /* Main.storyboard in Resources */,
			);
			runOnlyForDeploymentPostprocessing = 0;
		};
		271DA13329A975F8008EF0B0 /* Resources */ = {
			isa = PBXResourcesBuildPhase;
			buildActionMask = 2147483647;
			files = (
			);
			runOnlyForDeploymentPostprocessing = 0;
		};
		271DA13D29A975F8008EF0B0 /* Resources */ = {
			isa = PBXResourcesBuildPhase;
			buildActionMask = 2147483647;
			files = (
			);
			runOnlyForDeploymentPostprocessing = 0;
		};
/* End PBXResourcesBuildPhase section */

/* Begin PBXShellScriptBuildPhase section */
		387400661F3C34E31EED0392 /* [CP] Check Pods Manifest.lock */ = {
			isa = PBXShellScriptBuildPhase;
			buildActionMask = 2147483647;
			files = (
			);
			inputFileListPaths = (
			);
			inputPaths = (
				"${PODS_PODFILE_DIR_PATH}/Podfile.lock",
				"${PODS_ROOT}/Manifest.lock",
			);
			name = "[CP] Check Pods Manifest.lock";
			outputFileListPaths = (
			);
			outputPaths = (
				"$(DERIVED_FILE_DIR)/Pods-AdminShopify-AdminShopifyUITests-checkManifestLockResult.txt",
			);
			runOnlyForDeploymentPostprocessing = 0;
			shellPath = /bin/sh;
			shellScript = "diff \"${PODS_PODFILE_DIR_PATH}/Podfile.lock\" \"${PODS_ROOT}/Manifest.lock\" > /dev/null\nif [ $? != 0 ] ; then\n    # print error to STDERR\n    echo \"error: The sandbox is not in sync with the Podfile.lock. Run 'pod install' or update your CocoaPods installation.\" >&2\n    exit 1\nfi\n# This output is used by Xcode 'outputs' to avoid re-running this script phase.\necho \"SUCCESS\" > \"${SCRIPT_OUTPUT_FILE_0}\"\n";
			showEnvVarsInLog = 0;
		};
		5F53D516899D3C7E08A58C97 /* [CP] Embed Pods Frameworks */ = {
			isa = PBXShellScriptBuildPhase;
			buildActionMask = 2147483647;
			files = (
			);
			inputFileListPaths = (
				"${PODS_ROOT}/Target Support Files/Pods-AdminShopify-AdminShopifyUITests/Pods-AdminShopify-AdminShopifyUITests-frameworks-${CONFIGURATION}-input-files.xcfilelist",
			);
			name = "[CP] Embed Pods Frameworks";
			outputFileListPaths = (
				"${PODS_ROOT}/Target Support Files/Pods-AdminShopify-AdminShopifyUITests/Pods-AdminShopify-AdminShopifyUITests-frameworks-${CONFIGURATION}-output-files.xcfilelist",
			);
			runOnlyForDeploymentPostprocessing = 0;
			shellPath = /bin/sh;
			shellScript = "\"${PODS_ROOT}/Target Support Files/Pods-AdminShopify-AdminShopifyUITests/Pods-AdminShopify-AdminShopifyUITests-frameworks.sh\"\n";
			showEnvVarsInLog = 0;
		};
		657155823CEA5ACE7962F278 /* [CP] Check Pods Manifest.lock */ = {
			isa = PBXShellScriptBuildPhase;
			buildActionMask = 2147483647;
			files = (
			);
			inputFileListPaths = (
			);
			inputPaths = (
				"${PODS_PODFILE_DIR_PATH}/Podfile.lock",
				"${PODS_ROOT}/Manifest.lock",
			);
			name = "[CP] Check Pods Manifest.lock";
			outputFileListPaths = (
			);
			outputPaths = (
				"$(DERIVED_FILE_DIR)/Pods-AdminShopifyTests-checkManifestLockResult.txt",
			);
			runOnlyForDeploymentPostprocessing = 0;
			shellPath = /bin/sh;
			shellScript = "diff \"${PODS_PODFILE_DIR_PATH}/Podfile.lock\" \"${PODS_ROOT}/Manifest.lock\" > /dev/null\nif [ $? != 0 ] ; then\n    # print error to STDERR\n    echo \"error: The sandbox is not in sync with the Podfile.lock. Run 'pod install' or update your CocoaPods installation.\" >&2\n    exit 1\nfi\n# This output is used by Xcode 'outputs' to avoid re-running this script phase.\necho \"SUCCESS\" > \"${SCRIPT_OUTPUT_FILE_0}\"\n";
			showEnvVarsInLog = 0;
		};
		68A9FA242C1625B3BE42799B /* [CP] Check Pods Manifest.lock */ = {
			isa = PBXShellScriptBuildPhase;
			buildActionMask = 2147483647;
			files = (
			);
			inputFileListPaths = (
			);
			inputPaths = (
				"${PODS_PODFILE_DIR_PATH}/Podfile.lock",
				"${PODS_ROOT}/Manifest.lock",
			);
			name = "[CP] Check Pods Manifest.lock";
			outputFileListPaths = (
			);
			outputPaths = (
				"$(DERIVED_FILE_DIR)/Pods-AdminShopify-checkManifestLockResult.txt",
			);
			runOnlyForDeploymentPostprocessing = 0;
			shellPath = /bin/sh;
			shellScript = "diff \"${PODS_PODFILE_DIR_PATH}/Podfile.lock\" \"${PODS_ROOT}/Manifest.lock\" > /dev/null\nif [ $? != 0 ] ; then\n    # print error to STDERR\n    echo \"error: The sandbox is not in sync with the Podfile.lock. Run 'pod install' or update your CocoaPods installation.\" >&2\n    exit 1\nfi\n# This output is used by Xcode 'outputs' to avoid re-running this script phase.\necho \"SUCCESS\" > \"${SCRIPT_OUTPUT_FILE_0}\"\n";
			showEnvVarsInLog = 0;
		};
		BD54995EBAB26D4F16456E43 /* [CP] Embed Pods Frameworks */ = {
			isa = PBXShellScriptBuildPhase;
			buildActionMask = 2147483647;
			files = (
			);
			inputFileListPaths = (
				"${PODS_ROOT}/Target Support Files/Pods-AdminShopify/Pods-AdminShopify-frameworks-${CONFIGURATION}-input-files.xcfilelist",
			);
			name = "[CP] Embed Pods Frameworks";
			outputFileListPaths = (
				"${PODS_ROOT}/Target Support Files/Pods-AdminShopify/Pods-AdminShopify-frameworks-${CONFIGURATION}-output-files.xcfilelist",
			);
			runOnlyForDeploymentPostprocessing = 0;
			shellPath = /bin/sh;
			shellScript = "\"${PODS_ROOT}/Target Support Files/Pods-AdminShopify/Pods-AdminShopify-frameworks.sh\"\n";
			showEnvVarsInLog = 0;
		};
/* End PBXShellScriptBuildPhase section */

/* Begin PBXSourcesBuildPhase section */
		271DA11829A975F6008EF0B0 /* Sources */ = {
			isa = PBXSourcesBuildPhase;
			buildActionMask = 2147483647;
			files = (
				277EAB4729BAF70700F83E55 /* PriceRulesCRUDViewController.swift in Sources */,
				277EAB5029BAFB1A00F83E55 /* PriceRulesCollectionViewCell.swift in Sources */,
				27C3BB9629AC23F400486455 /* NetworkingViewModel.swift in Sources */,
				277EAB4529BAF6FA00F83E55 /* PriceRulesViewController.swift in Sources */,
				27C3BB9829AC24B000486455 /* NetworkServices.swift in Sources */,
				271DA15E29A97ACD008EF0B0 /* ProductCRUDViewController.swift in Sources */,
				27C3BBB229AC90A600486455 /* TabBarController.swift in Sources */,
				27C3BBAA29AC891C00486455 /* LoginViewController.swift in Sources */,
				271DA12A29A975F6008EF0B0 /* AdminShopify.xcdatamodeld in Sources */,
				271DA15A29A97A98008EF0B0 /* CouponsViewController.swift in Sources */,
				271DA12029A975F6008EF0B0 /* AppDelegate.swift in Sources */,
				271DA16029A97ADB008EF0B0 /* CouponCRUDViewController.swift in Sources */,
				275791C129AD7FE7003F58B4 /* Products.swift in Sources */,
				275791C329ADABCA003F58B4 /* Discount.swift in Sources */,
				2736F59329B407B500BB6FBB /* CRUDProtocol.swift in Sources */,
				275791C529ADDD48003F58B4 /* Customer.swift in Sources */,
				271DA12229A975F6008EF0B0 /* SceneDelegate.swift in Sources */,
				271DA15829A97A89008EF0B0 /* ProductsViewController.swift in Sources */,
				278C5BD629AAA0E10041D4EB /* CouponsCollectionViewCell.swift in Sources */,
				27C3BB9C29AC377900486455 /* EndPoint.swift in Sources */,
				278C5BDF29AABADC0041D4EB /* UIFunctions.swift in Sources */,
				275791C729ADDD59003F58B4 /* PriceRule.swift in Sources */,
				278C5BDB29AAADC50041D4EB /* ProductsCollectionViewCell.swift in Sources */,
				277EAB5529BB087500F83E55 /* CouponsTableViewCell.swift in Sources */,
			);
			runOnlyForDeploymentPostprocessing = 0;
		};
		271DA13129A975F8008EF0B0 /* Sources */ = {
			isa = PBXSourcesBuildPhase;
			buildActionMask = 2147483647;
			files = (
				271DA13A29A975F8008EF0B0 /* AdminShopifyTests.swift in Sources */,
			);
			runOnlyForDeploymentPostprocessing = 0;
		};
		271DA13B29A975F8008EF0B0 /* Sources */ = {
			isa = PBXSourcesBuildPhase;
			buildActionMask = 2147483647;
			files = (
				271DA14429A975F8008EF0B0 /* AdminShopifyUITests.swift in Sources */,
				271DA14629A975F8008EF0B0 /* AdminShopifyUITestsLaunchTests.swift in Sources */,
			);
			runOnlyForDeploymentPostprocessing = 0;
		};
/* End PBXSourcesBuildPhase section */

/* Begin PBXTargetDependency section */
		271DA13729A975F8008EF0B0 /* PBXTargetDependency */ = {
			isa = PBXTargetDependency;
			target = 271DA11B29A975F6008EF0B0 /* AdminShopify */;
			targetProxy = 271DA13629A975F8008EF0B0 /* PBXContainerItemProxy */;
		};
		271DA14129A975F8008EF0B0 /* PBXTargetDependency */ = {
			isa = PBXTargetDependency;
			target = 271DA11B29A975F6008EF0B0 /* AdminShopify */;
			targetProxy = 271DA14029A975F8008EF0B0 /* PBXContainerItemProxy */;
		};
/* End PBXTargetDependency section */

/* Begin PBXVariantGroup section */
		271DA12529A975F6008EF0B0 /* Main.storyboard */ = {
			isa = PBXVariantGroup;
			children = (
				271DA12629A975F6008EF0B0 /* Base */,
			);
			name = Main.storyboard;
			sourceTree = "<group>";
		};
		271DA12D29A975F7008EF0B0 /* LaunchScreen.storyboard */ = {
			isa = PBXVariantGroup;
			children = (
				271DA12E29A975F7008EF0B0 /* Base */,
			);
			name = LaunchScreen.storyboard;
			sourceTree = "<group>";
		};
/* End PBXVariantGroup section */

/* Begin XCBuildConfiguration section */
		271DA14729A975F8008EF0B0 /* Debug */ = {
			isa = XCBuildConfiguration;
			buildSettings = {
				ALWAYS_SEARCH_USER_PATHS = NO;
				CLANG_ANALYZER_NONNULL = YES;
				CLANG_ANALYZER_NUMBER_OBJECT_CONVERSION = YES_AGGRESSIVE;
				CLANG_CXX_LANGUAGE_STANDARD = "gnu++20";
				CLANG_ENABLE_MODULES = YES;
				CLANG_ENABLE_OBJC_ARC = YES;
				CLANG_ENABLE_OBJC_WEAK = YES;
				CLANG_WARN_BLOCK_CAPTURE_AUTORELEASING = YES;
				CLANG_WARN_BOOL_CONVERSION = YES;
				CLANG_WARN_COMMA = YES;
				CLANG_WARN_CONSTANT_CONVERSION = YES;
				CLANG_WARN_DEPRECATED_OBJC_IMPLEMENTATIONS = YES;
				CLANG_WARN_DIRECT_OBJC_ISA_USAGE = YES_ERROR;
				CLANG_WARN_DOCUMENTATION_COMMENTS = YES;
				CLANG_WARN_EMPTY_BODY = YES;
				CLANG_WARN_ENUM_CONVERSION = YES;
				CLANG_WARN_INFINITE_RECURSION = YES;
				CLANG_WARN_INT_CONVERSION = YES;
				CLANG_WARN_NON_LITERAL_NULL_CONVERSION = YES;
				CLANG_WARN_OBJC_IMPLICIT_RETAIN_SELF = YES;
				CLANG_WARN_OBJC_LITERAL_CONVERSION = YES;
				CLANG_WARN_OBJC_ROOT_CLASS = YES_ERROR;
				CLANG_WARN_QUOTED_INCLUDE_IN_FRAMEWORK_HEADER = YES;
				CLANG_WARN_RANGE_LOOP_ANALYSIS = YES;
				CLANG_WARN_STRICT_PROTOTYPES = YES;
				CLANG_WARN_SUSPICIOUS_MOVE = YES;
				CLANG_WARN_UNGUARDED_AVAILABILITY = YES_AGGRESSIVE;
				CLANG_WARN_UNREACHABLE_CODE = YES;
				CLANG_WARN__DUPLICATE_METHOD_MATCH = YES;
				COPY_PHASE_STRIP = NO;
				DEBUG_INFORMATION_FORMAT = dwarf;
				ENABLE_STRICT_OBJC_MSGSEND = YES;
				ENABLE_TESTABILITY = YES;
				GCC_C_LANGUAGE_STANDARD = gnu11;
				GCC_DYNAMIC_NO_PIC = NO;
				GCC_NO_COMMON_BLOCKS = YES;
				GCC_OPTIMIZATION_LEVEL = 0;
				GCC_PREPROCESSOR_DEFINITIONS = (
					"DEBUG=1",
					"$(inherited)",
				);
				GCC_WARN_64_TO_32_BIT_CONVERSION = YES;
				GCC_WARN_ABOUT_RETURN_TYPE = YES_ERROR;
				GCC_WARN_UNDECLARED_SELECTOR = YES;
				GCC_WARN_UNINITIALIZED_AUTOS = YES_AGGRESSIVE;
				GCC_WARN_UNUSED_FUNCTION = YES;
				GCC_WARN_UNUSED_VARIABLE = YES;
				IPHONEOS_DEPLOYMENT_TARGET = 16.2;
				MTL_ENABLE_DEBUG_INFO = INCLUDE_SOURCE;
				MTL_FAST_MATH = YES;
				ONLY_ACTIVE_ARCH = YES;
				SDKROOT = iphoneos;
				SWIFT_ACTIVE_COMPILATION_CONDITIONS = DEBUG;
				SWIFT_OPTIMIZATION_LEVEL = "-Onone";
			};
			name = Debug;
		};
		271DA14829A975F8008EF0B0 /* Release */ = {
			isa = XCBuildConfiguration;
			buildSettings = {
				ALWAYS_SEARCH_USER_PATHS = NO;
				CLANG_ANALYZER_NONNULL = YES;
				CLANG_ANALYZER_NUMBER_OBJECT_CONVERSION = YES_AGGRESSIVE;
				CLANG_CXX_LANGUAGE_STANDARD = "gnu++20";
				CLANG_ENABLE_MODULES = YES;
				CLANG_ENABLE_OBJC_ARC = YES;
				CLANG_ENABLE_OBJC_WEAK = YES;
				CLANG_WARN_BLOCK_CAPTURE_AUTORELEASING = YES;
				CLANG_WARN_BOOL_CONVERSION = YES;
				CLANG_WARN_COMMA = YES;
				CLANG_WARN_CONSTANT_CONVERSION = YES;
				CLANG_WARN_DEPRECATED_OBJC_IMPLEMENTATIONS = YES;
				CLANG_WARN_DIRECT_OBJC_ISA_USAGE = YES_ERROR;
				CLANG_WARN_DOCUMENTATION_COMMENTS = YES;
				CLANG_WARN_EMPTY_BODY = YES;
				CLANG_WARN_ENUM_CONVERSION = YES;
				CLANG_WARN_INFINITE_RECURSION = YES;
				CLANG_WARN_INT_CONVERSION = YES;
				CLANG_WARN_NON_LITERAL_NULL_CONVERSION = YES;
				CLANG_WARN_OBJC_IMPLICIT_RETAIN_SELF = YES;
				CLANG_WARN_OBJC_LITERAL_CONVERSION = YES;
				CLANG_WARN_OBJC_ROOT_CLASS = YES_ERROR;
				CLANG_WARN_QUOTED_INCLUDE_IN_FRAMEWORK_HEADER = YES;
				CLANG_WARN_RANGE_LOOP_ANALYSIS = YES;
				CLANG_WARN_STRICT_PROTOTYPES = YES;
				CLANG_WARN_SUSPICIOUS_MOVE = YES;
				CLANG_WARN_UNGUARDED_AVAILABILITY = YES_AGGRESSIVE;
				CLANG_WARN_UNREACHABLE_CODE = YES;
				CLANG_WARN__DUPLICATE_METHOD_MATCH = YES;
				COPY_PHASE_STRIP = NO;
				DEBUG_INFORMATION_FORMAT = "dwarf-with-dsym";
				ENABLE_NS_ASSERTIONS = NO;
				ENABLE_STRICT_OBJC_MSGSEND = YES;
				GCC_C_LANGUAGE_STANDARD = gnu11;
				GCC_NO_COMMON_BLOCKS = YES;
				GCC_WARN_64_TO_32_BIT_CONVERSION = YES;
				GCC_WARN_ABOUT_RETURN_TYPE = YES_ERROR;
				GCC_WARN_UNDECLARED_SELECTOR = YES;
				GCC_WARN_UNINITIALIZED_AUTOS = YES_AGGRESSIVE;
				GCC_WARN_UNUSED_FUNCTION = YES;
				GCC_WARN_UNUSED_VARIABLE = YES;
				IPHONEOS_DEPLOYMENT_TARGET = 16.2;
				MTL_ENABLE_DEBUG_INFO = NO;
				MTL_FAST_MATH = YES;
				SDKROOT = iphoneos;
				SWIFT_COMPILATION_MODE = wholemodule;
				SWIFT_OPTIMIZATION_LEVEL = "-O";
				VALIDATE_PRODUCT = YES;
			};
			name = Release;
		};
		271DA14A29A975F8008EF0B0 /* Debug */ = {
			isa = XCBuildConfiguration;
			baseConfigurationReference = 82E3530531F3D2E99DFECB0D /* Pods-AdminShopify.debug.xcconfig */;
			buildSettings = {
				ASSETCATALOG_COMPILER_APPICON_NAME = AppIcon;
				ASSETCATALOG_COMPILER_GLOBAL_ACCENT_COLOR_NAME = AccentColor;
				CODE_SIGN_STYLE = Automatic;
				CURRENT_PROJECT_VERSION = 1;
				DEVELOPMENT_TEAM = NYJ2MJ555L;
				GENERATE_INFOPLIST_FILE = YES;
				INFOPLIST_FILE = AdminShopify/Info.plist;
				INFOPLIST_KEY_UIApplicationSupportsIndirectInputEvents = YES;
				INFOPLIST_KEY_UILaunchStoryboardName = LaunchScreen;
				INFOPLIST_KEY_UIMainStoryboardFile = Main;
				INFOPLIST_KEY_UISupportedInterfaceOrientations_iPad = "UIInterfaceOrientationPortrait UIInterfaceOrientationPortraitUpsideDown UIInterfaceOrientationLandscapeLeft UIInterfaceOrientationLandscapeRight";
				INFOPLIST_KEY_UISupportedInterfaceOrientations_iPhone = "UIInterfaceOrientationPortrait UIInterfaceOrientationLandscapeLeft UIInterfaceOrientationLandscapeRight";
				LD_RUNPATH_SEARCH_PATHS = (
					"$(inherited)",
					"@executable_path/Frameworks",
				);
				MARKETING_VERSION = 1.0;
				PRODUCT_BUNDLE_IDENTIFIER = com.ahmadayman.AdminShopify;
				PRODUCT_NAME = "$(TARGET_NAME)";
				SWIFT_EMIT_LOC_STRINGS = YES;
				SWIFT_VERSION = 5.0;
				TARGETED_DEVICE_FAMILY = "1,2";
			};
			name = Debug;
		};
		271DA14B29A975F8008EF0B0 /* Release */ = {
			isa = XCBuildConfiguration;
			baseConfigurationReference = C202D207902C39E3D0A88D90 /* Pods-AdminShopify.release.xcconfig */;
			buildSettings = {
				ASSETCATALOG_COMPILER_APPICON_NAME = AppIcon;
				ASSETCATALOG_COMPILER_GLOBAL_ACCENT_COLOR_NAME = AccentColor;
				CODE_SIGN_STYLE = Automatic;
				CURRENT_PROJECT_VERSION = 1;
				DEVELOPMENT_TEAM = NYJ2MJ555L;
				GENERATE_INFOPLIST_FILE = YES;
				INFOPLIST_FILE = AdminShopify/Info.plist;
				INFOPLIST_KEY_UIApplicationSupportsIndirectInputEvents = YES;
				INFOPLIST_KEY_UILaunchStoryboardName = LaunchScreen;
				INFOPLIST_KEY_UIMainStoryboardFile = Main;
				INFOPLIST_KEY_UISupportedInterfaceOrientations_iPad = "UIInterfaceOrientationPortrait UIInterfaceOrientationPortraitUpsideDown UIInterfaceOrientationLandscapeLeft UIInterfaceOrientationLandscapeRight";
				INFOPLIST_KEY_UISupportedInterfaceOrientations_iPhone = "UIInterfaceOrientationPortrait UIInterfaceOrientationLandscapeLeft UIInterfaceOrientationLandscapeRight";
				LD_RUNPATH_SEARCH_PATHS = (
					"$(inherited)",
					"@executable_path/Frameworks",
				);
				MARKETING_VERSION = 1.0;
				PRODUCT_BUNDLE_IDENTIFIER = com.ahmadayman.AdminShopify;
				PRODUCT_NAME = "$(TARGET_NAME)";
				SWIFT_EMIT_LOC_STRINGS = YES;
				SWIFT_VERSION = 5.0;
				TARGETED_DEVICE_FAMILY = "1,2";
			};
			name = Release;
		};
		271DA14D29A975F8008EF0B0 /* Debug */ = {
			isa = XCBuildConfiguration;
			baseConfigurationReference = 239B45ABCC78A396CEA35003 /* Pods-AdminShopifyTests.debug.xcconfig */;
			buildSettings = {
				ALWAYS_EMBED_SWIFT_STANDARD_LIBRARIES = YES;
				BUNDLE_LOADER = "$(TEST_HOST)";
				CODE_SIGN_STYLE = Automatic;
				CURRENT_PROJECT_VERSION = 1;
				DEVELOPMENT_TEAM = NYJ2MJ555L;
				GENERATE_INFOPLIST_FILE = YES;
				IPHONEOS_DEPLOYMENT_TARGET = 16.2;
				MARKETING_VERSION = 1.0;
				PRODUCT_BUNDLE_IDENTIFIER = com.ahmadayman.AdminShopifyTests;
				PRODUCT_NAME = "$(TARGET_NAME)";
				SWIFT_EMIT_LOC_STRINGS = NO;
				SWIFT_VERSION = 5.0;
				TARGETED_DEVICE_FAMILY = "1,2";
				TEST_HOST = "$(BUILT_PRODUCTS_DIR)/AdminShopify.app/$(BUNDLE_EXECUTABLE_FOLDER_PATH)/AdminShopify";
			};
			name = Debug;
		};
		271DA14E29A975F8008EF0B0 /* Release */ = {
			isa = XCBuildConfiguration;
			baseConfigurationReference = 0AD911A375A80531A3BF7EE8 /* Pods-AdminShopifyTests.release.xcconfig */;
			buildSettings = {
				ALWAYS_EMBED_SWIFT_STANDARD_LIBRARIES = YES;
				BUNDLE_LOADER = "$(TEST_HOST)";
				CODE_SIGN_STYLE = Automatic;
				CURRENT_PROJECT_VERSION = 1;
				DEVELOPMENT_TEAM = NYJ2MJ555L;
				GENERATE_INFOPLIST_FILE = YES;
				IPHONEOS_DEPLOYMENT_TARGET = 16.2;
				MARKETING_VERSION = 1.0;
				PRODUCT_BUNDLE_IDENTIFIER = com.ahmadayman.AdminShopifyTests;
				PRODUCT_NAME = "$(TARGET_NAME)";
				SWIFT_EMIT_LOC_STRINGS = NO;
				SWIFT_VERSION = 5.0;
				TARGETED_DEVICE_FAMILY = "1,2";
				TEST_HOST = "$(BUILT_PRODUCTS_DIR)/AdminShopify.app/$(BUNDLE_EXECUTABLE_FOLDER_PATH)/AdminShopify";
			};
			name = Release;
		};
		271DA15029A975F8008EF0B0 /* Debug */ = {
			isa = XCBuildConfiguration;
			baseConfigurationReference = 80778EDA008A6893D848028D /* Pods-AdminShopify-AdminShopifyUITests.debug.xcconfig */;
			buildSettings = {
				ALWAYS_EMBED_SWIFT_STANDARD_LIBRARIES = YES;
				CODE_SIGN_STYLE = Automatic;
				CURRENT_PROJECT_VERSION = 1;
				DEVELOPMENT_TEAM = NYJ2MJ555L;
				GENERATE_INFOPLIST_FILE = YES;
				MARKETING_VERSION = 1.0;
				PRODUCT_BUNDLE_IDENTIFIER = com.ahmadayman.AdminShopifyUITests;
				PRODUCT_NAME = "$(TARGET_NAME)";
				SWIFT_EMIT_LOC_STRINGS = NO;
				SWIFT_VERSION = 5.0;
				TARGETED_DEVICE_FAMILY = "1,2";
				TEST_TARGET_NAME = AdminShopify;
			};
			name = Debug;
		};
		271DA15129A975F8008EF0B0 /* Release */ = {
			isa = XCBuildConfiguration;
			baseConfigurationReference = 7DA7033883DEDB11AB0AE2E5 /* Pods-AdminShopify-AdminShopifyUITests.release.xcconfig */;
			buildSettings = {
				ALWAYS_EMBED_SWIFT_STANDARD_LIBRARIES = YES;
				CODE_SIGN_STYLE = Automatic;
				CURRENT_PROJECT_VERSION = 1;
				DEVELOPMENT_TEAM = NYJ2MJ555L;
				GENERATE_INFOPLIST_FILE = YES;
				MARKETING_VERSION = 1.0;
				PRODUCT_BUNDLE_IDENTIFIER = com.ahmadayman.AdminShopifyUITests;
				PRODUCT_NAME = "$(TARGET_NAME)";
				SWIFT_EMIT_LOC_STRINGS = NO;
				SWIFT_VERSION = 5.0;
				TARGETED_DEVICE_FAMILY = "1,2";
				TEST_TARGET_NAME = AdminShopify;
			};
			name = Release;
		};
/* End XCBuildConfiguration section */

/* Begin XCConfigurationList section */
		271DA11729A975F6008EF0B0 /* Build configuration list for PBXProject "AdminShopify" */ = {
			isa = XCConfigurationList;
			buildConfigurations = (
				271DA14729A975F8008EF0B0 /* Debug */,
				271DA14829A975F8008EF0B0 /* Release */,
			);
			defaultConfigurationIsVisible = 0;
			defaultConfigurationName = Release;
		};
		271DA14929A975F8008EF0B0 /* Build configuration list for PBXNativeTarget "AdminShopify" */ = {
			isa = XCConfigurationList;
			buildConfigurations = (
				271DA14A29A975F8008EF0B0 /* Debug */,
				271DA14B29A975F8008EF0B0 /* Release */,
			);
			defaultConfigurationIsVisible = 0;
			defaultConfigurationName = Release;
		};
		271DA14C29A975F8008EF0B0 /* Build configuration list for PBXNativeTarget "AdminShopifyTests" */ = {
			isa = XCConfigurationList;
			buildConfigurations = (
				271DA14D29A975F8008EF0B0 /* Debug */,
				271DA14E29A975F8008EF0B0 /* Release */,
			);
			defaultConfigurationIsVisible = 0;
			defaultConfigurationName = Release;
		};
		271DA14F29A975F8008EF0B0 /* Build configuration list for PBXNativeTarget "AdminShopifyUITests" */ = {
			isa = XCConfigurationList;
			buildConfigurations = (
				271DA15029A975F8008EF0B0 /* Debug */,
				271DA15129A975F8008EF0B0 /* Release */,
			);
			defaultConfigurationIsVisible = 0;
			defaultConfigurationName = Release;
		};
/* End XCConfigurationList section */

/* Begin XCVersionGroup section */
		271DA12829A975F6008EF0B0 /* AdminShopify.xcdatamodeld */ = {
			isa = XCVersionGroup;
			children = (
				271DA12929A975F6008EF0B0 /* AdminShopify.xcdatamodel */,
			);
			currentVersion = 271DA12929A975F6008EF0B0 /* AdminShopify.xcdatamodel */;
			path = AdminShopify.xcdatamodeld;
			sourceTree = "<group>";
			versionGroupType = wrapper.xcdatamodel;
		};
/* End XCVersionGroup section */
	};
	rootObject = 271DA11429A975F6008EF0B0 /* Project object */;
}
